
Microsoft Visual Studio Solution File, Format Version 12.00
# Visual Studio Version 16
VisualStudioVersion = 16.0.30225.117
MinimumVisualStudioVersion = 10.0.40219.1
Project("{FAE04EC0-301F-11D3-BF4B-00C04F79EFBC}") = "Writer", "TaskOne\Writer.csproj", "{611006C2-CEDD-41C4-AE10-53002004B71C}"
EndProject
Project("{FAE04EC0-301F-11D3-BF4B-00C04F79EFBC}") = "Matrix", "Matrix\Matrix.csproj", "{BA68A919-1863-44EB-821D-EC8AAAA99E33}"
EndProject
Global
	GlobalSection(SolutionConfigurationPlatforms) = preSolution
		Debug|Any CPU = Debug|Any CPU
		Release|Any CPU = Release|Any CPU
	EndGlobalSection
	GlobalSection(ProjectConfigurationPlatforms) = postSolution
		{611006C2-CEDD-41C4-AE10-53002004B71C}.Debug|Any CPU.ActiveCfg = Debug|Any CPU
		{611006C2-CEDD-41C4-AE10-53002004B71C}.Debug|Any CPU.Build.0 = Debug|Any CPU
		{611006C2-CEDD-41C4-AE10-53002004B71C}.Release|Any CPU.ActiveCfg = Release|Any CPU
		{611006C2-CEDD-41C4-AE10-53002004B71C}.Release|Any CPU.Build.0 = Release|Any CPU
		{BA68A919-1863-44EB-821D-EC8AAAA99E33}.Debug|Any CPU.ActiveCfg = Debug|Any CPU
		{BA68A919-1863-44EB-821D-EC8AAAA99E33}.Debug|Any CPU.Build.0 = Debug|Any CPU
		{BA68A919-1863-44EB-821D-EC8AAAA99E33}.Release|Any CPU.ActiveCfg = Release|Any CPU
		{BA68A919-1863-44EB-821D-EC8AAAA99E33}.Release|Any CPU.Build.0 = Release|Any CPU
	EndGlobalSection
	GlobalSection(SolutionProperties) = preSolution
		HideSolutionNode = FALSE
	EndGlobalSection
	GlobalSection(ExtensibilityGlobals) = postSolution
		SolutionGuid = {B8A92D35-C028-4571-8CAC-329530499FBD}
	EndGlobalSection
EndGlobal
