
Microsoft Visual Studio Solution File, Format Version 12.00
# Visual Studio Version 16
VisualStudioVersion = 16.0.30225.117
MinimumVisualStudioVersion = 10.0.40219.1
Project("{FAE04EC0-301F-11D3-BF4B-00C04F79EFBC}") = "Matrix", "Matrix\Matrix.csproj", "{BA68A919-1863-44EB-821D-EC8AAAA99E33}"
EndProject
Project("{FAE04EC0-301F-11D3-BF4B-00C04F79EFBC}") = "Writer", "Writer\Writer.csproj", "{611006C2-CEDD-41C4-AE10-53002004B71C}"
EndProject
Project("{2150E333-8FDC-42A3-9474-1A3956D46DE8}") = "OperationLibraries", "OperationLibraries", "{2BFBEA1E-8A5A-42BC-BBB1-041C541DF4F0}"
EndProject
Project("{FAE04EC0-301F-11D3-BF4B-00C04F79EFBC}") = "Deferred", "Deferred\Deferred.csproj", "{6FC083E0-5A3A-4C12-9D67-8DDB8C7ACE49}"
EndProject
Project("{9A19103F-16F7-4668-BE54-9A1E7A4F7556}") = "Calculator", "Calculator\Calculator.csproj", "{11A2D9DB-99B6-45C3-80C3-B99DCD8CC463}"
EndProject
Project("{9A19103F-16F7-4668-BE54-9A1E7A4F7556}") = "Addition", "OperationLibraries\Addition\Addition.csproj", "{0B0EE8DC-BD3C-44D4-B61F-615F4890C346}"
EndProject
Project("{9A19103F-16F7-4668-BE54-9A1E7A4F7556}") = "Operation", "OperationLibraries\Operation\Operation.csproj", "{504FA6DE-D947-4383-B3CE-FC427C79AC64}"
EndProject
Project("{9A19103F-16F7-4668-BE54-9A1E7A4F7556}") = "Multiplication", "OperationLibraries\Multiplication\Multiplication.csproj", "{36DB0E05-C159-46B5-BD71-58C1DA937BF3}"
EndProject
Project("{9A19103F-16F7-4668-BE54-9A1E7A4F7556}") = "Division", "OperationLibraries\Division\Division.csproj", "{C1E8DFFE-5841-432F-9DE9-FDDE78230C54}"
EndProject
Project("{9A19103F-16F7-4668-BE54-9A1E7A4F7556}") = "Subtraction", "OperationLibraries\Subtraction\Subtraction.csproj", "{75C1881E-9541-4596-9726-14FAF6F8085D}"
EndProject
Project("{9A19103F-16F7-4668-BE54-9A1E7A4F7556}") = "SOLID", "SOLID\SOLID.csproj", "{A7CFB21D-D743-480E-A6D8-F7A6BC2BED35}"
EndProject
Project("{9A19103F-16F7-4668-BE54-9A1E7A4F7556}") = "Cleanup", "Cleanup\Cleanup.csproj", "{3BDBBF27-E2AF-4BCD-8970-8B22D02249BB}"
EndProject
Project("{2150E333-8FDC-42A3-9474-1A3956D46DE8}") = "Store", "Store", "{F45038AE-E92A-4DD3-8E19-1A2F0E492868}"
EndProject
Project("{9A19103F-16F7-4668-BE54-9A1E7A4F7556}") = "Entities", "Store\DataTier\Entities.csproj", "{D47D752E-ED2A-4F8F-931E-6E6392499FE6}"
EndProject
Project("{9A19103F-16F7-4668-BE54-9A1E7A4F7556}") = "IServices", "Store\IServices\IServices.csproj", "{952804A1-9BF8-42B8-BBDC-3338675E59AC}"
EndProject
Project("{9A19103F-16F7-4668-BE54-9A1E7A4F7556}") = "Market", "Store\Market\Market.csproj", "{989A1F93-B037-4E1C-8B07-80C89DAE7FEC}"
EndProject
Project("{9A19103F-16F7-4668-BE54-9A1E7A4F7556}") = "Services", "Store\Services\Services.csproj", "{6166B802-3901-4491-A41C-8D9124F56714}"
EndProject
Project("{9A19103F-16F7-4668-BE54-9A1E7A4F7556}") = "Analizer", "Analizer\Analizer.csproj", "{414DFF57-88D3-4D16-8B75-522CF7D017D2}"
EndProject
Project("{FAE04EC0-301F-11D3-BF4B-00C04F79EFBC}") = "DataAccess", "DataAccess\DataAccess.csproj", "{D643E6D4-99AC-49E3-9691-7A0BFAADC260}"
EndProject
Global
	GlobalSection(SolutionConfigurationPlatforms) = preSolution
		Debug|Any CPU = Debug|Any CPU
		Release|Any CPU = Release|Any CPU
	EndGlobalSection
	GlobalSection(ProjectConfigurationPlatforms) = postSolution
		{BA68A919-1863-44EB-821D-EC8AAAA99E33}.Debug|Any CPU.ActiveCfg = Debug|Any CPU
		{BA68A919-1863-44EB-821D-EC8AAAA99E33}.Debug|Any CPU.Build.0 = Debug|Any CPU
		{BA68A919-1863-44EB-821D-EC8AAAA99E33}.Release|Any CPU.ActiveCfg = Release|Any CPU
		{BA68A919-1863-44EB-821D-EC8AAAA99E33}.Release|Any CPU.Build.0 = Release|Any CPU
		{611006C2-CEDD-41C4-AE10-53002004B71C}.Debug|Any CPU.ActiveCfg = Debug|Any CPU
		{611006C2-CEDD-41C4-AE10-53002004B71C}.Debug|Any CPU.Build.0 = Debug|Any CPU
		{611006C2-CEDD-41C4-AE10-53002004B71C}.Release|Any CPU.ActiveCfg = Release|Any CPU
		{611006C2-CEDD-41C4-AE10-53002004B71C}.Release|Any CPU.Build.0 = Release|Any CPU
		{6FC083E0-5A3A-4C12-9D67-8DDB8C7ACE49}.Debug|Any CPU.ActiveCfg = Debug|Any CPU
		{6FC083E0-5A3A-4C12-9D67-8DDB8C7ACE49}.Debug|Any CPU.Build.0 = Debug|Any CPU
		{6FC083E0-5A3A-4C12-9D67-8DDB8C7ACE49}.Release|Any CPU.ActiveCfg = Release|Any CPU
		{6FC083E0-5A3A-4C12-9D67-8DDB8C7ACE49}.Release|Any CPU.Build.0 = Release|Any CPU
		{11A2D9DB-99B6-45C3-80C3-B99DCD8CC463}.Debug|Any CPU.ActiveCfg = Debug|Any CPU
		{11A2D9DB-99B6-45C3-80C3-B99DCD8CC463}.Debug|Any CPU.Build.0 = Debug|Any CPU
		{11A2D9DB-99B6-45C3-80C3-B99DCD8CC463}.Release|Any CPU.ActiveCfg = Release|Any CPU
		{11A2D9DB-99B6-45C3-80C3-B99DCD8CC463}.Release|Any CPU.Build.0 = Release|Any CPU
		{0B0EE8DC-BD3C-44D4-B61F-615F4890C346}.Debug|Any CPU.ActiveCfg = Debug|Any CPU
		{0B0EE8DC-BD3C-44D4-B61F-615F4890C346}.Debug|Any CPU.Build.0 = Debug|Any CPU
		{0B0EE8DC-BD3C-44D4-B61F-615F4890C346}.Release|Any CPU.ActiveCfg = Release|Any CPU
		{0B0EE8DC-BD3C-44D4-B61F-615F4890C346}.Release|Any CPU.Build.0 = Release|Any CPU
		{504FA6DE-D947-4383-B3CE-FC427C79AC64}.Debug|Any CPU.ActiveCfg = Debug|Any CPU
		{504FA6DE-D947-4383-B3CE-FC427C79AC64}.Debug|Any CPU.Build.0 = Debug|Any CPU
		{504FA6DE-D947-4383-B3CE-FC427C79AC64}.Release|Any CPU.ActiveCfg = Release|Any CPU
		{504FA6DE-D947-4383-B3CE-FC427C79AC64}.Release|Any CPU.Build.0 = Release|Any CPU
		{36DB0E05-C159-46B5-BD71-58C1DA937BF3}.Debug|Any CPU.ActiveCfg = Debug|Any CPU
		{36DB0E05-C159-46B5-BD71-58C1DA937BF3}.Debug|Any CPU.Build.0 = Debug|Any CPU
		{36DB0E05-C159-46B5-BD71-58C1DA937BF3}.Release|Any CPU.ActiveCfg = Release|Any CPU
		{36DB0E05-C159-46B5-BD71-58C1DA937BF3}.Release|Any CPU.Build.0 = Release|Any CPU
		{C1E8DFFE-5841-432F-9DE9-FDDE78230C54}.Debug|Any CPU.ActiveCfg = Debug|Any CPU
		{C1E8DFFE-5841-432F-9DE9-FDDE78230C54}.Debug|Any CPU.Build.0 = Debug|Any CPU
		{C1E8DFFE-5841-432F-9DE9-FDDE78230C54}.Release|Any CPU.ActiveCfg = Release|Any CPU
		{C1E8DFFE-5841-432F-9DE9-FDDE78230C54}.Release|Any CPU.Build.0 = Release|Any CPU
		{75C1881E-9541-4596-9726-14FAF6F8085D}.Debug|Any CPU.ActiveCfg = Debug|Any CPU
		{75C1881E-9541-4596-9726-14FAF6F8085D}.Debug|Any CPU.Build.0 = Debug|Any CPU
		{75C1881E-9541-4596-9726-14FAF6F8085D}.Release|Any CPU.ActiveCfg = Release|Any CPU
		{75C1881E-9541-4596-9726-14FAF6F8085D}.Release|Any CPU.Build.0 = Release|Any CPU
		{A7CFB21D-D743-480E-A6D8-F7A6BC2BED35}.Debug|Any CPU.ActiveCfg = Debug|Any CPU
		{A7CFB21D-D743-480E-A6D8-F7A6BC2BED35}.Debug|Any CPU.Build.0 = Debug|Any CPU
		{A7CFB21D-D743-480E-A6D8-F7A6BC2BED35}.Release|Any CPU.ActiveCfg = Release|Any CPU
		{A7CFB21D-D743-480E-A6D8-F7A6BC2BED35}.Release|Any CPU.Build.0 = Release|Any CPU
		{3BDBBF27-E2AF-4BCD-8970-8B22D02249BB}.Debug|Any CPU.ActiveCfg = Debug|Any CPU
		{3BDBBF27-E2AF-4BCD-8970-8B22D02249BB}.Debug|Any CPU.Build.0 = Debug|Any CPU
		{3BDBBF27-E2AF-4BCD-8970-8B22D02249BB}.Release|Any CPU.ActiveCfg = Release|Any CPU
		{3BDBBF27-E2AF-4BCD-8970-8B22D02249BB}.Release|Any CPU.Build.0 = Release|Any CPU
		{D47D752E-ED2A-4F8F-931E-6E6392499FE6}.Debug|Any CPU.ActiveCfg = Debug|Any CPU
		{D47D752E-ED2A-4F8F-931E-6E6392499FE6}.Debug|Any CPU.Build.0 = Debug|Any CPU
		{D47D752E-ED2A-4F8F-931E-6E6392499FE6}.Release|Any CPU.ActiveCfg = Release|Any CPU
		{D47D752E-ED2A-4F8F-931E-6E6392499FE6}.Release|Any CPU.Build.0 = Release|Any CPU
		{952804A1-9BF8-42B8-BBDC-3338675E59AC}.Debug|Any CPU.ActiveCfg = Debug|Any CPU
		{952804A1-9BF8-42B8-BBDC-3338675E59AC}.Debug|Any CPU.Build.0 = Debug|Any CPU
		{952804A1-9BF8-42B8-BBDC-3338675E59AC}.Release|Any CPU.ActiveCfg = Release|Any CPU
		{952804A1-9BF8-42B8-BBDC-3338675E59AC}.Release|Any CPU.Build.0 = Release|Any CPU
		{989A1F93-B037-4E1C-8B07-80C89DAE7FEC}.Debug|Any CPU.ActiveCfg = Debug|Any CPU
		{989A1F93-B037-4E1C-8B07-80C89DAE7FEC}.Debug|Any CPU.Build.0 = Debug|Any CPU
		{989A1F93-B037-4E1C-8B07-80C89DAE7FEC}.Release|Any CPU.ActiveCfg = Release|Any CPU
		{989A1F93-B037-4E1C-8B07-80C89DAE7FEC}.Release|Any CPU.Build.0 = Release|Any CPU
		{6166B802-3901-4491-A41C-8D9124F56714}.Debug|Any CPU.ActiveCfg = Debug|Any CPU
		{6166B802-3901-4491-A41C-8D9124F56714}.Debug|Any CPU.Build.0 = Debug|Any CPU
		{6166B802-3901-4491-A41C-8D9124F56714}.Release|Any CPU.ActiveCfg = Release|Any CPU
		{6166B802-3901-4491-A41C-8D9124F56714}.Release|Any CPU.Build.0 = Release|Any CPU
		{414DFF57-88D3-4D16-8B75-522CF7D017D2}.Debug|Any CPU.ActiveCfg = Debug|Any CPU
		{414DFF57-88D3-4D16-8B75-522CF7D017D2}.Debug|Any CPU.Build.0 = Debug|Any CPU
		{414DFF57-88D3-4D16-8B75-522CF7D017D2}.Release|Any CPU.ActiveCfg = Release|Any CPU
		{414DFF57-88D3-4D16-8B75-522CF7D017D2}.Release|Any CPU.Build.0 = Release|Any CPU
		{D643E6D4-99AC-49E3-9691-7A0BFAADC260}.Debug|Any CPU.ActiveCfg = Debug|Any CPU
		{D643E6D4-99AC-49E3-9691-7A0BFAADC260}.Debug|Any CPU.Build.0 = Debug|Any CPU
		{D643E6D4-99AC-49E3-9691-7A0BFAADC260}.Release|Any CPU.ActiveCfg = Release|Any CPU
		{D643E6D4-99AC-49E3-9691-7A0BFAADC260}.Release|Any CPU.Build.0 = Release|Any CPU
	EndGlobalSection
	GlobalSection(SolutionProperties) = preSolution
		HideSolutionNode = FALSE
	EndGlobalSection
	GlobalSection(NestedProjects) = preSolution
		{0B0EE8DC-BD3C-44D4-B61F-615F4890C346} = {2BFBEA1E-8A5A-42BC-BBB1-041C541DF4F0}
		{504FA6DE-D947-4383-B3CE-FC427C79AC64} = {2BFBEA1E-8A5A-42BC-BBB1-041C541DF4F0}
		{36DB0E05-C159-46B5-BD71-58C1DA937BF3} = {2BFBEA1E-8A5A-42BC-BBB1-041C541DF4F0}
		{C1E8DFFE-5841-432F-9DE9-FDDE78230C54} = {2BFBEA1E-8A5A-42BC-BBB1-041C541DF4F0}
		{75C1881E-9541-4596-9726-14FAF6F8085D} = {2BFBEA1E-8A5A-42BC-BBB1-041C541DF4F0}
		{D47D752E-ED2A-4F8F-931E-6E6392499FE6} = {F45038AE-E92A-4DD3-8E19-1A2F0E492868}
		{952804A1-9BF8-42B8-BBDC-3338675E59AC} = {F45038AE-E92A-4DD3-8E19-1A2F0E492868}
		{989A1F93-B037-4E1C-8B07-80C89DAE7FEC} = {F45038AE-E92A-4DD3-8E19-1A2F0E492868}
		{6166B802-3901-4491-A41C-8D9124F56714} = {F45038AE-E92A-4DD3-8E19-1A2F0E492868}
		{D643E6D4-99AC-49E3-9691-7A0BFAADC260} = {F45038AE-E92A-4DD3-8E19-1A2F0E492868}
	EndGlobalSection
	GlobalSection(ExtensibilityGlobals) = postSolution
		SolutionGuid = {B8A92D35-C028-4571-8CAC-329530499FBD}
	EndGlobalSection
EndGlobal
